// !$*UTF8*$!
{
	archiveVersion = 1;
	classes = {
	};
	objectVersion = 45;
	objects = {

/* Begin PBXBuildFile section */
		1D3623260D0F684500981E51 /* uGoAppDelegate.m in Sources */ = {isa = PBXBuildFile; fileRef = 1D3623250D0F684500981E51 /* uGoAppDelegate.m */; };
		1D60589B0D05DD56006BFB54 /* main.m in Sources */ = {isa = PBXBuildFile; fileRef = 29B97316FDCFA39411CA2CEA /* main.m */; };
		1D60589F0D05DD5A006BFB54 /* Foundation.framework in Frameworks */ = {isa = PBXBuildFile; fileRef = 1D30AB110D05D00D00671497 /* Foundation.framework */; };
		1DF5F4E00D08C38300B7A737 /* UIKit.framework in Frameworks */ = {isa = PBXBuildFile; fileRef = 1DF5F4DF0D08C38300B7A737 /* UIKit.framework */; };
		280E754D0DD40C5E005A515E /* FlipsideView.xib in Resources */ = {isa = PBXBuildFile; fileRef = 280E754A0DD40C5E005A515E /* FlipsideView.xib */; };
		280E754E0DD40C5E005A515E /* MainView.xib in Resources */ = {isa = PBXBuildFile; fileRef = 280E754B0DD40C5E005A515E /* MainView.xib */; };
		280E754F0DD40C5E005A515E /* MainWindow.xib in Resources */ = {isa = PBXBuildFile; fileRef = 280E754C0DD40C5E005A515E /* MainWindow.xib */; };
		289233AE0DB2D0DB0083E9F9 /* MainViewController.m in Sources */ = {isa = PBXBuildFile; fileRef = 289233A90DB2D0DB0083E9F9 /* MainViewController.m */; };
		289233AF0DB2D0DB0083E9F9 /* RootViewController.m in Sources */ = {isa = PBXBuildFile; fileRef = 289233AB0DB2D0DB0083E9F9 /* RootViewController.m */; };
		289233B00DB2D0DB0083E9F9 /* FlipsideViewController.m in Sources */ = {isa = PBXBuildFile; fileRef = 289233AD0DB2D0DB0083E9F9 /* FlipsideViewController.m */; };
		43B3F2700E3592A500D4B02B /* MarkerLayer.m in Sources */ = {isa = PBXBuildFile; fileRef = 43B3F26F0E3592A500D4B02B /* MarkerLayer.m */; };
		43BC12B70E35B9E300431B28 /* GridLayer.m in Sources */ = {isa = PBXBuildFile; fileRef = 43BC12B60E35B9E300431B28 /* GridLayer.m */; };
		43BFB9450E340A2000846875 /* uGoSettings.m in Sources */ = {isa = PBXBuildFile; fileRef = 43BFB9440E340A2000846875 /* uGoSettings.m */; };
		946A49390E30485900F5659E /* QuartzCore.framework in Frameworks */ = {isa = PBXBuildFile; fileRef = 946A49380E30485900F5659E /* QuartzCore.framework */; };
		946A4A5E0E305D2A00F5659E /* CoreGraphics.framework in Frameworks */ = {isa = PBXBuildFile; fileRef = 946A4A5D0E305D2A00F5659E /* CoreGraphics.framework */; };
		946A4A910E305EB400F5659E /* BoardView.m in Sources */ = {isa = PBXBuildFile; fileRef = 946A4A900E305EB400F5659E /* BoardView.m */; };
		946A4E400E30F17100F5659E /* board1.png in Resources */ = {isa = PBXBuildFile; fileRef = 946A4E3F0E30F17100F5659E /* board1.png */; };
		9475F1590E3137990053C4BE /* grad.png in Resources */ = {isa = PBXBuildFile; fileRef = 9475F1580E3137990053C4BE /* grad.png */; };
		948586550E3141280087D7CD /* gradient.png in Resources */ = {isa = PBXBuildFile; fileRef = 948586540E3141280087D7CD /* gradient.png */; };
		94C4D4D00E2AE164007A76B5 /* goboard.png in Resources */ = {isa = PBXBuildFile; fileRef = 94C4D4CF0E2AE164007A76B5 /* goboard.png */; };
		94FD82B70E31827A000611DC /* goicon.png in Resources */ = {isa = PBXBuildFile; fileRef = 94FD82B60E31827A000611DC /* goicon.png */; };
/* End PBXBuildFile section */

/* Begin PBXFileReference section */
		1D30AB110D05D00D00671497 /* Foundation.framework */ = {isa = PBXFileReference; lastKnownFileType = wrapper.framework; name = Foundation.framework; path = System/Library/Frameworks/Foundation.framework; sourceTree = SDKROOT; };
		1D3623240D0F684500981E51 /* uGoAppDelegate.h */ = {isa = PBXFileReference; fileEncoding = 4; lastKnownFileType = sourcecode.c.h; path = uGoAppDelegate.h; sourceTree = "<group>"; };
		1D3623250D0F684500981E51 /* uGoAppDelegate.m */ = {isa = PBXFileReference; fileEncoding = 4; lastKnownFileType = sourcecode.c.objc; path = uGoAppDelegate.m; sourceTree = "<group>"; };
		1D6058910D05DD3D006BFB54 /* uGo.app */ = {isa = PBXFileReference; explicitFileType = wrapper.application; includeInIndex = 0; path = uGo.app; sourceTree = BUILT_PRODUCTS_DIR; };
		1DF5F4DF0D08C38300B7A737 /* UIKit.framework */ = {isa = PBXFileReference; lastKnownFileType = wrapper.framework; name = UIKit.framework; path = System/Library/Frameworks/UIKit.framework; sourceTree = SDKROOT; };
		280E754A0DD40C5E005A515E /* FlipsideView.xib */ = {isa = PBXFileReference; lastKnownFileType = file.xib; path = FlipsideView.xib; sourceTree = "<group>"; };
		280E754B0DD40C5E005A515E /* MainView.xib */ = {isa = PBXFileReference; lastKnownFileType = file.xib; path = MainView.xib; sourceTree = "<group>"; };
		280E754C0DD40C5E005A515E /* MainWindow.xib */ = {isa = PBXFileReference; lastKnownFileType = file.xib; path = MainWindow.xib; sourceTree = "<group>"; };
		289233A80DB2D0DB0083E9F9 /* MainViewController.h */ = {isa = PBXFileReference; fileEncoding = 4; lastKnownFileType = sourcecode.c.h; path = MainViewController.h; sourceTree = "<group>"; };
		289233A90DB2D0DB0083E9F9 /* MainViewController.m */ = {isa = PBXFileReference; fileEncoding = 4; lastKnownFileType = sourcecode.c.objc; path = MainViewController.m; sourceTree = "<group>"; };
		289233AA0DB2D0DB0083E9F9 /* RootViewController.h */ = {isa = PBXFileReference; fileEncoding = 4; lastKnownFileType = sourcecode.c.h; path = RootViewController.h; sourceTree = "<group>"; };
		289233AB0DB2D0DB0083E9F9 /* RootViewController.m */ = {isa = PBXFileReference; fileEncoding = 4; lastKnownFileType = sourcecode.c.objc; path = RootViewController.m; sourceTree = "<group>"; };
		289233AC0DB2D0DB0083E9F9 /* FlipsideViewController.h */ = {isa = PBXFileReference; fileEncoding = 4; lastKnownFileType = sourcecode.c.h; path = FlipsideViewController.h; sourceTree = "<group>"; };
		289233AD0DB2D0DB0083E9F9 /* FlipsideViewController.m */ = {isa = PBXFileReference; fileEncoding = 4; lastKnownFileType = sourcecode.c.objc; path = FlipsideViewController.m; sourceTree = "<group>"; };
		29B97316FDCFA39411CA2CEA /* main.m */ = {isa = PBXFileReference; fileEncoding = 4; lastKnownFileType = sourcecode.c.objc; path = main.m; sourceTree = "<group>"; };
		32CA4F630368D1EE00C91783 /* uGo_Prefix.pch */ = {isa = PBXFileReference; fileEncoding = 4; lastKnownFileType = sourcecode.c.h; path = uGo_Prefix.pch; sourceTree = "<group>"; };
		43B3F26E0E3592A500D4B02B /* MarkerLayer.h */ = {isa = PBXFileReference; fileEncoding = 4; lastKnownFileType = sourcecode.c.h; path = MarkerLayer.h; sourceTree = "<group>"; };
		43B3F26F0E3592A500D4B02B /* MarkerLayer.m */ = {isa = PBXFileReference; fileEncoding = 4; lastKnownFileType = sourcecode.c.objc; path = MarkerLayer.m; sourceTree = "<group>"; };
		43BC12B50E35B9E300431B28 /* GridLayer.h */ = {isa = PBXFileReference; fileEncoding = 4; lastKnownFileType = sourcecode.c.h; path = GridLayer.h; sourceTree = "<group>"; };
		43BC12B60E35B9E300431B28 /* GridLayer.m */ = {isa = PBXFileReference; fileEncoding = 4; lastKnownFileType = sourcecode.c.objc; path = GridLayer.m; sourceTree = "<group>"; };
		43BC144C0E35D34200431B28 /* all.h */ = {isa = PBXFileReference; fileEncoding = 4; lastKnownFileType = sourcecode.c.h; path = all.h; sourceTree = "<group>"; };
		43BC144D0E35D34200431B28 /* load.c */ = {isa = PBXFileReference; fileEncoding = 4; lastKnownFileType = sourcecode.c.c; path = load.c; sourceTree = "<group>"; };
		43BC144E0E35D34200431B28 /* util.c */ = {isa = PBXFileReference; fileEncoding = 4; lastKnownFileType = sourcecode.c.c; path = util.c; sourceTree = "<group>"; };
		43BC144F0E35D34200431B28 /* properties.c */ = {isa = PBXFileReference; fileEncoding = 4; lastKnownFileType = sourcecode.c.c; path = properties.c; sourceTree = "<group>"; };
		43BC14500E35D34200431B28 /* COPYING */ = {isa = PBXFileReference; fileEncoding = 4; lastKnownFileType = text; path = COPYING; sourceTree = "<group>"; };
		43BC14510E35D34200431B28 /* parse.c */ = {isa = PBXFileReference; fileEncoding = 4; lastKnownFileType = sourcecode.c.c; path = parse.c; sourceTree = "<group>"; };
		43BC14520E35D34200431B28 /* README */ = {isa = PBXFileReference; fileEncoding = 4; lastKnownFileType = text; path = README; sourceTree = "<group>"; };
		43BC14530E35D34200431B28 /* save.c */ = {isa = PBXFileReference; fileEncoding = 4; lastKnownFileType = sourcecode.c.c; path = save.c; sourceTree = "<group>"; };
		43BC14540E35D34200431B28 /* parse2.c */ = {isa = PBXFileReference; fileEncoding = 4; lastKnownFileType = sourcecode.c.c; path = parse2.c; sourceTree = "<group>"; };
		43BC14550E35D34200431B28 /* protos.h */ = {isa = PBXFileReference; fileEncoding = 4; lastKnownFileType = sourcecode.c.h; path = protos.h; sourceTree = "<group>"; };
		43BC14560E35D34200431B28 /* strict.c */ = {isa = PBXFileReference; fileEncoding = 4; lastKnownFileType = sourcecode.c.c; path = strict.c; sourceTree = "<group>"; };
		43BC14570E35D34200431B28 /* test.sgf */ = {isa = PBXFileReference; lastKnownFileType = file; path = test.sgf; sourceTree = "<group>"; };
		43BC14580E35D34200431B28 /* gameinfo.c */ = {isa = PBXFileReference; fileEncoding = 4; lastKnownFileType = sourcecode.c.c; path = gameinfo.c; sourceTree = "<group>"; };
		43BC145A0E35D34200431B28 /* execute.c */ = {isa = PBXFileReference; fileEncoding = 4; lastKnownFileType = sourcecode.c.c; path = execute.c; sourceTree = "<group>"; };
		43BC145B0E35D34200431B28 /* main.c */ = {isa = PBXFileReference; fileEncoding = 4; lastKnownFileType = sourcecode.c.c; path = main.c; sourceTree = "<group>"; };
		43BFB8D30E3403F600846875 /* TODO */ = {isa = PBXFileReference; fileEncoding = 4; lastKnownFileType = text; path = TODO; sourceTree = "<group>"; };
		43BFB9430E340A2000846875 /* uGoSettings.h */ = {isa = PBXFileReference; fileEncoding = 4; lastKnownFileType = sourcecode.c.h; path = uGoSettings.h; sourceTree = "<group>"; };
		43BFB9440E340A2000846875 /* uGoSettings.m */ = {isa = PBXFileReference; fileEncoding = 4; lastKnownFileType = sourcecode.c.objc; path = uGoSettings.m; sourceTree = "<group>"; };
		8D1107310486CEB800E47090 /* Info.plist */ = {isa = PBXFileReference; fileEncoding = 4; lastKnownFileType = text.plist.xml; path = Info.plist; sourceTree = "<group>"; };
		946A49380E30485900F5659E /* QuartzCore.framework */ = {isa = PBXFileReference; lastKnownFileType = wrapper.framework; name = QuartzCore.framework; path = System/Library/Frameworks/QuartzCore.framework; sourceTree = SDKROOT; };
		946A4A5D0E305D2A00F5659E /* CoreGraphics.framework */ = {isa = PBXFileReference; lastKnownFileType = wrapper.framework; name = CoreGraphics.framework; path = System/Library/Frameworks/CoreGraphics.framework; sourceTree = SDKROOT; };
		946A4A8F0E305EB400F5659E /* BoardView.h */ = {isa = PBXFileReference; fileEncoding = 4; lastKnownFileType = sourcecode.c.h; path = BoardView.h; sourceTree = "<group>"; };
		946A4A900E305EB400F5659E /* BoardView.m */ = {isa = PBXFileReference; fileEncoding = 4; lastKnownFileType = sourcecode.c.objc; path = BoardView.m; sourceTree = "<group>"; };
		946A4E3F0E30F17100F5659E /* board1.png */ = {isa = PBXFileReference; lastKnownFileType = image.png; path = board1.png; sourceTree = "<group>"; };
		9475F1580E3137990053C4BE /* grad.png */ = {isa = PBXFileReference; lastKnownFileType = image.png; path = grad.png; sourceTree = "<group>"; };
		948586540E3141280087D7CD /* gradient.png */ = {isa = PBXFileReference; lastKnownFileType = image.png; path = gradient.png; sourceTree = "<group>"; };
		94C4D4CF0E2AE164007A76B5 /* goboard.png */ = {isa = PBXFileReference; lastKnownFileType = image.png; path = goboard.png; sourceTree = "<group>"; };
		94FD82B60E31827A000611DC /* goicon.png */ = {isa = PBXFileReference; lastKnownFileType = image.png; path = goicon.png; sourceTree = "<group>"; };
/* End PBXFileReference section */

/* Begin PBXFrameworksBuildPhase section */
		1D60588F0D05DD3D006BFB54 /* Frameworks */ = {
			isa = PBXFrameworksBuildPhase;
			buildActionMask = 2147483647;
			files = (
				1D60589F0D05DD5A006BFB54 /* Foundation.framework in Frameworks */,
				1DF5F4E00D08C38300B7A737 /* UIKit.framework in Frameworks */,
				946A49390E30485900F5659E /* QuartzCore.framework in Frameworks */,
				946A4A5E0E305D2A00F5659E /* CoreGraphics.framework in Frameworks */,
			);
			runOnlyForDeploymentPostprocessing = 0;
		};
/* End PBXFrameworksBuildPhase section */

/* Begin PBXGroup section */
		19C28FACFE9D520D11CA2CBB /* Products */ = {
			isa = PBXGroup;
			children = (
				1D6058910D05DD3D006BFB54 /* uGo.app */,
			);
			name = Products;
			sourceTree = "<group>";
		};
		289233A00DB2D0730083E9F9 /* Views */ = {
			isa = PBXGroup;
			children = (
				43BFB8FF0E34075600846875 /* Settings */,
				43BFB8FE0E34074F00846875 /* Board */,
				289233AA0DB2D0DB0083E9F9 /* RootViewController.h */,
				289233AB0DB2D0DB0083E9F9 /* RootViewController.m */,
				289233A80DB2D0DB0083E9F9 /* MainViewController.h */,
				289233A90DB2D0DB0083E9F9 /* MainViewController.m */,
			);
			path = Views;
			sourceTree = "<group>";
		};
		29B97314FDCFA39411CA2CEA /* CustomTemplate */ = {
			isa = PBXGroup;
			children = (
				1D3623240D0F684500981E51 /* uGoAppDelegate.h */,
				1D3623250D0F684500981E51 /* uGoAppDelegate.m */,
				289233A00DB2D0730083E9F9 /* Views */,
				43BFB9310E3409C900846875 /* GameModel */,
				43BC144B0E35CFC700431B28 /* Parser */,
				29B97315FDCFA39411CA2CEA /* Other Sources */,
				29B97317FDCFA39411CA2CEA /* Resources */,
				29B97323FDCFA39411CA2CEA /* Frameworks */,
				19C28FACFE9D520D11CA2CBB /* Products */,
				43BFB8D30E3403F600846875 /* TODO */,
			);
			name = CustomTemplate;
			sourceTree = "<group>";
		};
		29B97315FDCFA39411CA2CEA /* Other Sources */ = {
			isa = PBXGroup;
			children = (
				32CA4F630368D1EE00C91783 /* uGo_Prefix.pch */,
				29B97316FDCFA39411CA2CEA /* main.m */,
			);
			name = "Other Sources";
			sourceTree = "<group>";
		};
		29B97317FDCFA39411CA2CEA /* Resources */ = {
			isa = PBXGroup;
			children = (
				94FD82B60E31827A000611DC /* goicon.png */,
				948586540E3141280087D7CD /* gradient.png */,
				9475F1580E3137990053C4BE /* grad.png */,
				946A4E3F0E30F17100F5659E /* board1.png */,
				94C4D4CF0E2AE164007A76B5 /* goboard.png */,
				280E754A0DD40C5E005A515E /* FlipsideView.xib */,
				280E754B0DD40C5E005A515E /* MainView.xib */,
				280E754C0DD40C5E005A515E /* MainWindow.xib */,
				8D1107310486CEB800E47090 /* Info.plist */,
			);
			path = Resources;
			sourceTree = "<group>";
		};
		29B97323FDCFA39411CA2CEA /* Frameworks */ = {
			isa = PBXGroup;
			children = (
				946A4A5D0E305D2A00F5659E /* CoreGraphics.framework */,
				946A49380E30485900F5659E /* QuartzCore.framework */,
				1D30AB110D05D00D00671497 /* Foundation.framework */,
				1DF5F4DF0D08C38300B7A737 /* UIKit.framework */,
			);
			name = Frameworks;
			sourceTree = "<group>";
		};
		43BC144B0E35CFC700431B28 /* Parser */ = {
			isa = PBXGroup;
			children = (
				43BC144C0E35D34200431B28 /* all.h */,
				43BC144D0E35D34200431B28 /* load.c */,
				43BC144E0E35D34200431B28 /* util.c */,
				43BC144F0E35D34200431B28 /* properties.c */,
				43BC14500E35D34200431B28 /* COPYING */,
				43BC14510E35D34200431B28 /* parse.c */,
				43BC14520E35D34200431B28 /* README */,
				43BC14530E35D34200431B28 /* save.c */,
				43BC14540E35D34200431B28 /* parse2.c */,
				43BC14550E35D34200431B28 /* protos.h */,
				43BC14560E35D34200431B28 /* strict.c */,
				43BC14570E35D34200431B28 /* test.sgf */,
				43BC14580E35D34200431B28 /* gameinfo.c */,
				43BC145A0E35D34200431B28 /* execute.c */,
				43BC145B0E35D34200431B28 /* main.c */,
			);
			path = Parser;
			sourceTree = "<group>";
		};
		43BFB8FE0E34074F00846875 /* Board */ = {
			isa = PBXGroup;
			children = (
				946A4A8F0E305EB400F5659E /* BoardView.h */,
				946A4A900E305EB400F5659E /* BoardView.m */,
				43B3F26E0E3592A500D4B02B /* MarkerLayer.h */,
				43B3F26F0E3592A500D4B02B /* MarkerLayer.m */,
				43BC12B50E35B9E300431B28 /* GridLayer.h */,
				43BC12B60E35B9E300431B28 /* GridLayer.m */,
			);
			name = Board;
			sourceTree = "<group>";
		};
		43BFB8FF0E34075600846875 /* Settings */ = {
			isa = PBXGroup;
			children = (
				289233AC0DB2D0DB0083E9F9 /* FlipsideViewController.h */,
				289233AD0DB2D0DB0083E9F9 /* FlipsideViewController.m */,
			);
			name = Settings;
			sourceTree = "<group>";
		};
		43BFB9310E3409C900846875 /* GameModel */ = {
			isa = PBXGroup;
			children = (
				43BFB9430E340A2000846875 /* uGoSettings.h */,
				43BFB9440E340A2000846875 /* uGoSettings.m */,
			);
			path = GameModel;
			sourceTree = "<group>";
		};
/* End PBXGroup section */

/* Begin PBXNativeTarget section */
		1D6058900D05DD3D006BFB54 /* uGo */ = {
			isa = PBXNativeTarget;
			buildConfigurationList = 1D6058960D05DD3E006BFB54 /* Build configuration list for PBXNativeTarget "uGo" */;
			buildPhases = (
				1D60588D0D05DD3D006BFB54 /* Resources */,
				1D60588E0D05DD3D006BFB54 /* Sources */,
				1D60588F0D05DD3D006BFB54 /* Frameworks */,
			);
			buildRules = (
			);
			dependencies = (
			);
			name = uGo;
			productName = uGo;
			productReference = 1D6058910D05DD3D006BFB54 /* uGo.app */;
			productType = "com.apple.product-type.application";
		};
/* End PBXNativeTarget section */

/* Begin PBXProject section */
		29B97313FDCFA39411CA2CEA /* Project object */ = {
			isa = PBXProject;
			buildConfigurationList = C01FCF4E08A954540054247B /* Build configuration list for PBXProject "uGo" */;
			compatibilityVersion = "Xcode 3.1";
			hasScannedForEncodings = 1;
			knownRegions = (
				English,
				Japanese,
				French,
				German,
				en,
			);
			mainGroup = 29B97314FDCFA39411CA2CEA /* CustomTemplate */;
			projectDirPath = "";
			projectRoot = "";
			targets = (
				1D6058900D05DD3D006BFB54 /* uGo */,
			);
		};
/* End PBXProject section */

/* Begin PBXResourcesBuildPhase section */
		1D60588D0D05DD3D006BFB54 /* Resources */ = {
			isa = PBXResourcesBuildPhase;
			buildActionMask = 2147483647;
			files = (
				280E754D0DD40C5E005A515E /* FlipsideView.xib in Resources */,
				280E754E0DD40C5E005A515E /* MainView.xib in Resources */,
				280E754F0DD40C5E005A515E /* MainWindow.xib in Resources */,
				94C4D4D00E2AE164007A76B5 /* goboard.png in Resources */,
				946A4E400E30F17100F5659E /* board1.png in Resources */,
				9475F1590E3137990053C4BE /* grad.png in Resources */,
				948586550E3141280087D7CD /* gradient.png in Resources */,
				94FD82B70E31827A000611DC /* goicon.png in Resources */,
			);
			runOnlyForDeploymentPostprocessing = 0;
		};
/* End PBXResourcesBuildPhase section */

/* Begin PBXSourcesBuildPhase section */
		1D60588E0D05DD3D006BFB54 /* Sources */ = {
			isa = PBXSourcesBuildPhase;
			buildActionMask = 2147483647;
			files = (
				1D60589B0D05DD56006BFB54 /* main.m in Sources */,
				1D3623260D0F684500981E51 /* uGoAppDelegate.m in Sources */,
				289233AE0DB2D0DB0083E9F9 /* MainViewController.m in Sources */,
				289233AF0DB2D0DB0083E9F9 /* RootViewController.m in Sources */,
				289233B00DB2D0DB0083E9F9 /* FlipsideViewController.m in Sources */,
				946A4A910E305EB400F5659E /* BoardView.m in Sources */,
				43BFB9450E340A2000846875 /* uGoSettings.m in Sources */,
				43B3F2700E3592A500D4B02B /* MarkerLayer.m in Sources */,
				43BC12B70E35B9E300431B28 /* GridLayer.m in Sources */,
			);
			runOnlyForDeploymentPostprocessing = 0;
		};
/* End PBXSourcesBuildPhase section */

/* Begin XCBuildConfiguration section */
		1D6058940D05DD3E006BFB54 /* Debug */ = {
			isa = XCBuildConfiguration;
			buildSettings = {
				ALWAYS_SEARCH_USER_PATHS = NO;
				COPY_PHASE_STRIP = NO;
				FRAMEWORK_SEARCH_PATHS = (
					"$(inherited)",
					"\"$(SRCROOT)\"",
				);
				GCC_DYNAMIC_NO_PIC = NO;
				GCC_OPTIMIZATION_LEVEL = 0;
				GCC_PRECOMPILE_PREFIX_HEADER = YES;
				GCC_PREFIX_HEADER = uGo_Prefix.pch;
				INFOPLIST_FILE = Resources/Info.plist;
				PRODUCT_NAME = uGo;
			};
			name = Debug;
		};
		1D6058950D05DD3E006BFB54 /* Release */ = {
			isa = XCBuildConfiguration;
			buildSettings = {
				ALWAYS_SEARCH_USER_PATHS = NO;
				COPY_PHASE_STRIP = YES;
				FRAMEWORK_SEARCH_PATHS = (
					"$(inherited)",
					"\"$(SRCROOT)\"",
				);
				GCC_PRECOMPILE_PREFIX_HEADER = YES;
				GCC_PREFIX_HEADER = uGo_Prefix.pch;
				INFOPLIST_FILE = Resources/Info.plist;
				PRODUCT_NAME = uGo;
			};
			name = Release;
		};
		C01FCF4F08A954540054247B /* Debug */ = {
			isa = XCBuildConfiguration;
			buildSettings = {
				ARCHS = "$(ARCHS_STANDARD_32_BIT)";
				"CODE_SIGN_IDENTITY[sdk=iphoneos*]" = "iPhone Developer";
				GCC_C_LANGUAGE_STANDARD = c99;
				GCC_WARN_ABOUT_RETURN_TYPE = YES;
				GCC_WARN_UNUSED_VARIABLE = YES;
				ONLY_ACTIVE_ARCH = YES;
				PREBINDING = NO;
				SDKROOT = iphoneos2.0;
			};
			name = Debug;
		};
		C01FCF5008A954540054247B /* Release */ = {
			isa = XCBuildConfiguration;
			buildSettings = {
				ARCHS = "$(ARCHS_STANDARD_32_BIT)";
				"CODE_SIGN_IDENTITY[sdk=iphoneos*]" = "iPhone Developer";
				GCC_C_LANGUAGE_STANDARD = c99;
				GCC_WARN_ABOUT_RETURN_TYPE = YES;
				GCC_WARN_UNUSED_VARIABLE = YES;
				PREBINDING = NO;
				SDKROOT = iphoneos2.0;
			};
			name = Release;
		};
/* End XCBuildConfiguration section */

/* Begin XCConfigurationList section */
		1D6058960D05DD3E006BFB54 /* Build configuration list for PBXNativeTarget "uGo" */ = {
			isa = XCConfigurationList;
			buildConfigurations = (
				1D6058940D05DD3E006BFB54 /* Debug */,
				1D6058950D05DD3E006BFB54 /* Release */,
			);
			defaultConfigurationIsVisible = 0;
			defaultConfigurationName = Release;
		};
		C01FCF4E08A954540054247B /* Build configuration list for PBXProject "uGo" */ = {
			isa = XCConfigurationList;
			buildConfigurations = (
				C01FCF4F08A954540054247B /* Debug */,
				C01FCF5008A954540054247B /* Release */,
			);
			defaultConfigurationIsVisible = 0;
			defaultConfigurationName = Release;
		};
/* End XCConfigurationList section */
	};
	rootObject = 29B97313FDCFA39411CA2CEA /* Project object */;
}
