// !$*UTF8*$!
{
	archiveVersion = 1;
	classes = {
	};
	objectVersion = 45;
	objects = {

/* Begin PBXBuildFile section */
		1D3623260D0F684500981E51 /* uGoAppDelegate.m in Sources */ = {isa = PBXBuildFile; fileRef = 1D3623250D0F684500981E51 /* uGoAppDelegate.m */; };
		1D60589B0D05DD56006BFB54 /* main.m in Sources */ = {isa = PBXBuildFile; fileRef = 29B97316FDCFA39411CA2CEA /* main.m */; };
		1D60589F0D05DD5A006BFB54 /* Foundation.framework in Frameworks */ = {isa = PBXBuildFile; fileRef = 1D30AB110D05D00D00671497 /* Foundation.framework */; };
		1DF5F4E00D08C38300B7A737 /* UIKit.framework in Frameworks */ = {isa = PBXBuildFile; fileRef = 1DF5F4DF0D08C38300B7A737 /* UIKit.framework */; };
		280E754D0DD40C5E005A515E /* FlipsideView.xib in Resources */ = {isa = PBXBuildFile; fileRef = 280E754A0DD40C5E005A515E /* FlipsideView.xib */; };
		280E754E0DD40C5E005A515E /* MainView.xib in Resources */ = {isa = PBXBuildFile; fileRef = 280E754B0DD40C5E005A515E /* MainView.xib */; };
		280E754F0DD40C5E005A515E /* MainWindow.xib in Resources */ = {isa = PBXBuildFile; fileRef = 280E754C0DD40C5E005A515E /* MainWindow.xib */; };
		289233AE0DB2D0DB0083E9F9 /* MainViewController.m in Sources */ = {isa = PBXBuildFile; fileRef = 289233A90DB2D0DB0083E9F9 /* MainViewController.m */; };
		289233AF0DB2D0DB0083E9F9 /* RootViewController.m in Sources */ = {isa = PBXBuildFile; fileRef = 289233AB0DB2D0DB0083E9F9 /* RootViewController.m */; };
		289233B00DB2D0DB0083E9F9 /* FlipsideViewController.m in Sources */ = {isa = PBXBuildFile; fileRef = 289233AD0DB2D0DB0083E9F9 /* FlipsideViewController.m */; };
		43437EF20E3AF66A004C60B8 /* test.sgf in Resources */ = {isa = PBXBuildFile; fileRef = 43BC14570E35D34200431B28 /* test.sgf */; };
		43437EF60E3AF677004C60B8 /* GoReferee.m in Sources */ = {isa = PBXBuildFile; fileRef = 43437EF50E3AF677004C60B8 /* GoReferee.m */; };
		43437EFA0E3AF688004C60B8 /* GoPlayer.m in Sources */ = {isa = PBXBuildFile; fileRef = 43437EF90E3AF688004C60B8 /* GoPlayer.m */; };
		43437EFD0E3AF69A004C60B8 /* GoLocalPlayer.m in Sources */ = {isa = PBXBuildFile; fileRef = 43437EFC0E3AF69A004C60B8 /* GoLocalPlayer.m */; };
		43437F020E3AF6CB004C60B8 /* GoBoard.m in Sources */ = {isa = PBXBuildFile; fileRef = 43437F010E3AF6CB004C60B8 /* GoBoard.m */; };
		4355750D0E3A498600F1D159 /* GameSettings.xib in Resources */ = {isa = PBXBuildFile; fileRef = 4355750C0E3A498600F1D159 /* GameSettings.xib */; };
		4355750F0E3A499100F1D159 /* BoardSettings.xib in Resources */ = {isa = PBXBuildFile; fileRef = 4355750E0E3A499100F1D159 /* BoardSettings.xib */; };
		435575110E3A499B00F1D159 /* AboutSettings.xib in Resources */ = {isa = PBXBuildFile; fileRef = 435575100E3A499B00F1D159 /* AboutSettings.xib */; };
		435575320E3A4E1500F1D159 /* GameSettingsViewController.m in Sources */ = {isa = PBXBuildFile; fileRef = 435575310E3A4E1500F1D159 /* GameSettingsViewController.m */; };
		435575350E3A4E1E00F1D159 /* BoardSettingsViewController.m in Sources */ = {isa = PBXBuildFile; fileRef = 435575340E3A4E1E00F1D159 /* BoardSettingsViewController.m */; };
		435578090E3A793000F1D159 /* AboutSettingsViewController.m in Sources */ = {isa = PBXBuildFile; fileRef = 435578080E3A793000F1D159 /* AboutSettingsViewController.m */; };
		435578210E3A79E600F1D159 /* legal.html in Resources */ = {isa = PBXBuildFile; fileRef = 435578200E3A79E600F1D159 /* legal.html */; };
		43AEB5AB0E4976210022E5A1 /* GoGameController.m in Sources */ = {isa = PBXBuildFile; fileRef = 43AEB5AA0E4976210022E5A1 /* GoGameController.m */; };
		43AEB5B50E497A580022E5A1 /* GoMarker.m in Sources */ = {isa = PBXBuildFile; fileRef = 43AEB5B40E497A580022E5A1 /* GoMarker.m */; };
		43B3F2700E3592A500D4B02B /* MarkerLayer.m in Sources */ = {isa = PBXBuildFile; fileRef = 43B3F26F0E3592A500D4B02B /* MarkerLayer.m */; };
		43BC12B70E35B9E300431B28 /* GridLayer.m in Sources */ = {isa = PBXBuildFile; fileRef = 43BC12B60E35B9E300431B28 /* GridLayer.m */; };
		43BC15720E36609D00431B28 /* FlatTheme.m in Sources */ = {isa = PBXBuildFile; fileRef = 43BC15710E36609D00431B28 /* FlatTheme.m */; };
		43BC15C20E36647E00431B28 /* MarkerTheme.m in Sources */ = {isa = PBXBuildFile; fileRef = 43BC15C10E36647E00431B28 /* MarkerTheme.m */; };
		43BC16790E36F87700431B28 /* board512.png in Resources */ = {isa = PBXBuildFile; fileRef = 43BC16780E36F87700431B28 /* board512.png */; };
		43BFB9450E340A2000846875 /* uGoSettings.m in Sources */ = {isa = PBXBuildFile; fileRef = 43BFB9440E340A2000846875 /* uGoSettings.m */; };
		9431826D0E3BEC7D007069AE /* ShukoOriginalMove.sgf in Resources */ = {isa = PBXBuildFile; fileRef = 9431826C0E3BEC7D007069AE /* ShukoOriginalMove.sgf */; };
		943186980E3D00D5007069AE /* FromSensei.sgf in Resources */ = {isa = PBXBuildFile; fileRef = 943186970E3D00D5007069AE /* FromSensei.sgf */; };
		943639030E4920AB00221457 /* GoAIPlayer.m in Sources */ = {isa = PBXBuildFile; fileRef = 943639020E4920AB00221457 /* GoAIPlayer.m */; };
		946A49390E30485900F5659E /* QuartzCore.framework in Frameworks */ = {isa = PBXBuildFile; fileRef = 946A49380E30485900F5659E /* QuartzCore.framework */; };
		946A4A5E0E305D2A00F5659E /* CoreGraphics.framework in Frameworks */ = {isa = PBXBuildFile; fileRef = 946A4A5D0E305D2A00F5659E /* CoreGraphics.framework */; };
		946A4A910E305EB400F5659E /* BoardView.m in Sources */ = {isa = PBXBuildFile; fileRef = 946A4A900E305EB400F5659E /* BoardView.m */; };
		946A4E400E30F17100F5659E /* board1024.png in Resources */ = {isa = PBXBuildFile; fileRef = 946A4E3F0E30F17100F5659E /* board1024.png */; };
		9475F1590E3137990053C4BE /* grad.png in Resources */ = {isa = PBXBuildFile; fileRef = 9475F1580E3137990053C4BE /* grad.png */; };
		948586550E3141280087D7CD /* gradient.png in Resources */ = {isa = PBXBuildFile; fileRef = 948586540E3141280087D7CD /* gradient.png */; };
		94AFF1810E47610B006CC281 /* GoUtil.m in Sources */ = {isa = PBXBuildFile; fileRef = 94AFF17F0E47610B006CC281 /* GoUtil.m */; };
		94B1E4940E3A893E00A4A133 /* util.c in Sources */ = {isa = PBXBuildFile; fileRef = 43BC144E0E35D34200431B28 /* util.c */; };
		94B1E4950E3A893F00A4A133 /* load.c in Sources */ = {isa = PBXBuildFile; fileRef = 43BC144D0E35D34200431B28 /* load.c */; };
		94B1E4960E3A893F00A4A133 /* properties.c in Sources */ = {isa = PBXBuildFile; fileRef = 43BC144F0E35D34200431B28 /* properties.c */; };
		94B1E4970E3A894000A4A133 /* parse.c in Sources */ = {isa = PBXBuildFile; fileRef = 43BC14510E35D34200431B28 /* parse.c */; };
		94B1E4980E3A894100A4A133 /* save.c in Sources */ = {isa = PBXBuildFile; fileRef = 43BC14530E35D34200431B28 /* save.c */; };
		94B1E4990E3A894200A4A133 /* parse2.c in Sources */ = {isa = PBXBuildFile; fileRef = 43BC14540E35D34200431B28 /* parse2.c */; };
		94B1E49A0E3A894300A4A133 /* strict.c in Sources */ = {isa = PBXBuildFile; fileRef = 43BC14560E35D34200431B28 /* strict.c */; };
		94B1E49B0E3A894400A4A133 /* gameinfo.c in Sources */ = {isa = PBXBuildFile; fileRef = 43BC14580E35D34200431B28 /* gameinfo.c */; };
		94B1E49C0E3A894400A4A133 /* execute.c in Sources */ = {isa = PBXBuildFile; fileRef = 43BC145A0E35D34200431B28 /* execute.c */; };
		94B1E49D0E3A894500A4A133 /* main.c in Sources */ = {isa = PBXBuildFile; fileRef = 43BC145B0E35D34200431B28 /* main.c */; };
		94B1E4B20E3A8A2900A4A133 /* ParserBridge.m in Sources */ = {isa = PBXBuildFile; fileRef = 94B1E4B10E3A8A2900A4A133 /* ParserBridge.m */; };
		94B1E4C50E3A8D8000A4A133 /* test2.sgf in Resources */ = {isa = PBXBuildFile; fileRef = 94B1E4C40E3A8D8000A4A133 /* test2.sgf */; };
		94B67DE40E441D6700A58855 /* SmallTest.sgf in Resources */ = {isa = PBXBuildFile; fileRef = 94B67DE30E441D6700A58855 /* SmallTest.sgf */; };
		94B67E360E442A3300A58855 /* SmallTest2.sgf in Resources */ = {isa = PBXBuildFile; fileRef = 94B67E350E442A3300A58855 /* SmallTest2.sgf */; };
		94B67E450E442C6500A58855 /* SmallTest3.sgf in Resources */ = {isa = PBXBuildFile; fileRef = 94B67E440E442C6500A58855 /* SmallTest3.sgf */; };
		94B67EAC0E44F68300A58855 /* GoMove.m in Sources */ = {isa = PBXBuildFile; fileRef = 94B67EAB0E44F68300A58855 /* GoMove.m */; };
		94C4B9800E36899B00739E57 /* GobanStonesTheme.m in Sources */ = {isa = PBXBuildFile; fileRef = 94C4B97F0E36899B00739E57 /* GobanStonesTheme.m */; };
		94C4B9B40E368BC300739E57 /* WhiteStone130-0.png in Resources */ = {isa = PBXBuildFile; fileRef = 94C4B9A60E368BC300739E57 /* WhiteStone130-0.png */; };
		94C4B9B50E368BC300739E57 /* WhiteStone130-1.png in Resources */ = {isa = PBXBuildFile; fileRef = 94C4B9A70E368BC300739E57 /* WhiteStone130-1.png */; };
		94C4B9B60E368BC300739E57 /* WhiteStone130-10.png in Resources */ = {isa = PBXBuildFile; fileRef = 94C4B9A80E368BC300739E57 /* WhiteStone130-10.png */; };
		94C4B9B70E368BC300739E57 /* WhiteStone130-11.png in Resources */ = {isa = PBXBuildFile; fileRef = 94C4B9A90E368BC300739E57 /* WhiteStone130-11.png */; };
		94C4B9B80E368BC300739E57 /* WhiteStone130-2.png in Resources */ = {isa = PBXBuildFile; fileRef = 94C4B9AA0E368BC300739E57 /* WhiteStone130-2.png */; };
		94C4B9B90E368BC300739E57 /* WhiteStone130-3.png in Resources */ = {isa = PBXBuildFile; fileRef = 94C4B9AB0E368BC300739E57 /* WhiteStone130-3.png */; };
		94C4B9BA0E368BC300739E57 /* WhiteStone130-4.png in Resources */ = {isa = PBXBuildFile; fileRef = 94C4B9AC0E368BC300739E57 /* WhiteStone130-4.png */; };
		94C4B9BB0E368BC300739E57 /* WhiteStone130-5.png in Resources */ = {isa = PBXBuildFile; fileRef = 94C4B9AD0E368BC300739E57 /* WhiteStone130-5.png */; };
		94C4B9BC0E368BC300739E57 /* WhiteStone130-6.png in Resources */ = {isa = PBXBuildFile; fileRef = 94C4B9AE0E368BC300739E57 /* WhiteStone130-6.png */; };
		94C4B9BD0E368BC300739E57 /* WhiteStone130-7.png in Resources */ = {isa = PBXBuildFile; fileRef = 94C4B9AF0E368BC300739E57 /* WhiteStone130-7.png */; };
		94C4B9BE0E368BC300739E57 /* WhiteStone130-8.png in Resources */ = {isa = PBXBuildFile; fileRef = 94C4B9B00E368BC300739E57 /* WhiteStone130-8.png */; };
		94C4B9BF0E368BC300739E57 /* WhiteStone130-9.png in Resources */ = {isa = PBXBuildFile; fileRef = 94C4B9B10E368BC300739E57 /* WhiteStone130-9.png */; };
		94C4B9C30E368D4600739E57 /* BlackStone130-0.png in Resources */ = {isa = PBXBuildFile; fileRef = 94C4B9C20E368D4600739E57 /* BlackStone130-0.png */; };
		94C4D4D00E2AE164007A76B5 /* goboard.png in Resources */ = {isa = PBXBuildFile; fileRef = 94C4D4CF0E2AE164007A76B5 /* goboard.png */; };
		94FD82B70E31827A000611DC /* goicon.png in Resources */ = {isa = PBXBuildFile; fileRef = 94FD82B60E31827A000611DC /* goicon.png */; };
/* End PBXBuildFile section */

/* Begin PBXFileReference section */
		1D30AB110D05D00D00671497 /* Foundation.framework */ = {isa = PBXFileReference; lastKnownFileType = wrapper.framework; name = Foundation.framework; path = System/Library/Frameworks/Foundation.framework; sourceTree = SDKROOT; };
		1D3623240D0F684500981E51 /* uGoAppDelegate.h */ = {isa = PBXFileReference; fileEncoding = 4; lastKnownFileType = sourcecode.c.h; path = uGoAppDelegate.h; sourceTree = "<group>"; };
		1D3623250D0F684500981E51 /* uGoAppDelegate.m */ = {isa = PBXFileReference; fileEncoding = 4; lastKnownFileType = sourcecode.c.objc; path = uGoAppDelegate.m; sourceTree = "<group>"; };
		1D6058910D05DD3D006BFB54 /* uGo.app */ = {isa = PBXFileReference; explicitFileType = wrapper.application; includeInIndex = 0; path = uGo.app; sourceTree = BUILT_PRODUCTS_DIR; };
		1DF5F4DF0D08C38300B7A737 /* UIKit.framework */ = {isa = PBXFileReference; lastKnownFileType = wrapper.framework; name = UIKit.framework; path = System/Library/Frameworks/UIKit.framework; sourceTree = SDKROOT; };
		280E754A0DD40C5E005A515E /* FlipsideView.xib */ = {isa = PBXFileReference; lastKnownFileType = file.xib; path = FlipsideView.xib; sourceTree = "<group>"; };
		280E754B0DD40C5E005A515E /* MainView.xib */ = {isa = PBXFileReference; lastKnownFileType = file.xib; path = MainView.xib; sourceTree = "<group>"; };
		280E754C0DD40C5E005A515E /* MainWindow.xib */ = {isa = PBXFileReference; lastKnownFileType = file.xib; path = MainWindow.xib; sourceTree = "<group>"; };
		289233A80DB2D0DB0083E9F9 /* MainViewController.h */ = {isa = PBXFileReference; fileEncoding = 4; lastKnownFileType = sourcecode.c.h; path = MainViewController.h; sourceTree = "<group>"; };
		289233A90DB2D0DB0083E9F9 /* MainViewController.m */ = {isa = PBXFileReference; fileEncoding = 4; lastKnownFileType = sourcecode.c.objc; path = MainViewController.m; sourceTree = "<group>"; };
		289233AA0DB2D0DB0083E9F9 /* RootViewController.h */ = {isa = PBXFileReference; fileEncoding = 4; lastKnownFileType = sourcecode.c.h; path = RootViewController.h; sourceTree = "<group>"; };
		289233AB0DB2D0DB0083E9F9 /* RootViewController.m */ = {isa = PBXFileReference; fileEncoding = 4; lastKnownFileType = sourcecode.c.objc; path = RootViewController.m; sourceTree = "<group>"; };
		289233AC0DB2D0DB0083E9F9 /* FlipsideViewController.h */ = {isa = PBXFileReference; fileEncoding = 4; lastKnownFileType = sourcecode.c.h; path = FlipsideViewController.h; sourceTree = "<group>"; };
		289233AD0DB2D0DB0083E9F9 /* FlipsideViewController.m */ = {isa = PBXFileReference; fileEncoding = 4; lastKnownFileType = sourcecode.c.objc; path = FlipsideViewController.m; sourceTree = "<group>"; };
		29B97316FDCFA39411CA2CEA /* main.m */ = {isa = PBXFileReference; fileEncoding = 4; lastKnownFileType = sourcecode.c.objc; path = main.m; sourceTree = "<group>"; };
		32CA4F630368D1EE00C91783 /* uGo_Prefix.pch */ = {isa = PBXFileReference; fileEncoding = 4; lastKnownFileType = sourcecode.c.h; path = uGo_Prefix.pch; sourceTree = "<group>"; };
		43437EF40E3AF677004C60B8 /* GoReferee.h */ = {isa = PBXFileReference; fileEncoding = 4; lastKnownFileType = sourcecode.c.h; path = GoReferee.h; sourceTree = "<group>"; };
		43437EF50E3AF677004C60B8 /* GoReferee.m */ = {isa = PBXFileReference; fileEncoding = 4; lastKnownFileType = sourcecode.c.objc; path = GoReferee.m; sourceTree = "<group>"; };
		43437EF80E3AF688004C60B8 /* GoPlayer.h */ = {isa = PBXFileReference; fileEncoding = 4; lastKnownFileType = sourcecode.c.h; path = GoPlayer.h; sourceTree = "<group>"; };
		43437EF90E3AF688004C60B8 /* GoPlayer.m */ = {isa = PBXFileReference; fileEncoding = 4; lastKnownFileType = sourcecode.c.objc; path = GoPlayer.m; sourceTree = "<group>"; };
		43437EFB0E3AF69A004C60B8 /* GoLocalPlayer.h */ = {isa = PBXFileReference; fileEncoding = 4; lastKnownFileType = sourcecode.c.h; path = GoLocalPlayer.h; sourceTree = "<group>"; };
		43437EFC0E3AF69A004C60B8 /* GoLocalPlayer.m */ = {isa = PBXFileReference; fileEncoding = 4; lastKnownFileType = sourcecode.c.objc; path = GoLocalPlayer.m; sourceTree = "<group>"; };
		43437F000E3AF6CB004C60B8 /* GoBoard.h */ = {isa = PBXFileReference; fileEncoding = 4; lastKnownFileType = sourcecode.c.h; path = GoBoard.h; sourceTree = "<group>"; };
		43437F010E3AF6CB004C60B8 /* GoBoard.m */ = {isa = PBXFileReference; fileEncoding = 4; lastKnownFileType = sourcecode.c.objc; path = GoBoard.m; sourceTree = "<group>"; };
		4355750C0E3A498600F1D159 /* GameSettings.xib */ = {isa = PBXFileReference; lastKnownFileType = file.xib; path = GameSettings.xib; sourceTree = "<group>"; };
		4355750E0E3A499100F1D159 /* BoardSettings.xib */ = {isa = PBXFileReference; lastKnownFileType = file.xib; path = BoardSettings.xib; sourceTree = "<group>"; };
		435575100E3A499B00F1D159 /* AboutSettings.xib */ = {isa = PBXFileReference; lastKnownFileType = file.xib; path = AboutSettings.xib; sourceTree = "<group>"; };
		435575300E3A4E1500F1D159 /* GameSettingsViewController.h */ = {isa = PBXFileReference; fileEncoding = 4; lastKnownFileType = sourcecode.c.h; path = GameSettingsViewController.h; sourceTree = "<group>"; };
		435575310E3A4E1500F1D159 /* GameSettingsViewController.m */ = {isa = PBXFileReference; fileEncoding = 4; lastKnownFileType = sourcecode.c.objc; path = GameSettingsViewController.m; sourceTree = "<group>"; };
		435575330E3A4E1E00F1D159 /* BoardSettingsViewController.h */ = {isa = PBXFileReference; fileEncoding = 4; lastKnownFileType = sourcecode.c.h; path = BoardSettingsViewController.h; sourceTree = "<group>"; };
		435575340E3A4E1E00F1D159 /* BoardSettingsViewController.m */ = {isa = PBXFileReference; fileEncoding = 4; lastKnownFileType = sourcecode.c.objc; path = BoardSettingsViewController.m; sourceTree = "<group>"; };
		435578070E3A793000F1D159 /* AboutSettingsViewController.h */ = {isa = PBXFileReference; fileEncoding = 4; lastKnownFileType = sourcecode.c.h; path = AboutSettingsViewController.h; sourceTree = "<group>"; };
		435578080E3A793000F1D159 /* AboutSettingsViewController.m */ = {isa = PBXFileReference; fileEncoding = 4; lastKnownFileType = sourcecode.c.objc; path = AboutSettingsViewController.m; sourceTree = "<group>"; };
		435578200E3A79E600F1D159 /* legal.html */ = {isa = PBXFileReference; fileEncoding = 4; lastKnownFileType = text.html; path = legal.html; sourceTree = "<group>"; };
		43AEB5A90E4976210022E5A1 /* GoGameController.h */ = {isa = PBXFileReference; fileEncoding = 4; lastKnownFileType = sourcecode.c.h; path = GoGameController.h; sourceTree = "<group>"; };
		43AEB5AA0E4976210022E5A1 /* GoGameController.m */ = {isa = PBXFileReference; fileEncoding = 4; lastKnownFileType = sourcecode.c.objc; path = GoGameController.m; sourceTree = "<group>"; };
		43AEB5B30E497A580022E5A1 /* GoMarker.h */ = {isa = PBXFileReference; fileEncoding = 4; lastKnownFileType = sourcecode.c.h; path = GoMarker.h; sourceTree = "<group>"; };
		43AEB5B40E497A580022E5A1 /* GoMarker.m */ = {isa = PBXFileReference; fileEncoding = 4; lastKnownFileType = sourcecode.c.objc; path = GoMarker.m; sourceTree = "<group>"; };
		43AEB68F0E499DED0022E5A1 /* GoTypes.h */ = {isa = PBXFileReference; fileEncoding = 4; lastKnownFileType = sourcecode.c.h; path = GoTypes.h; sourceTree = "<group>"; };
		43B3F26E0E3592A500D4B02B /* MarkerLayer.h */ = {isa = PBXFileReference; fileEncoding = 4; lastKnownFileType = sourcecode.c.h; path = MarkerLayer.h; sourceTree = "<group>"; };
		43B3F26F0E3592A500D4B02B /* MarkerLayer.m */ = {isa = PBXFileReference; fileEncoding = 4; lastKnownFileType = sourcecode.c.objc; path = MarkerLayer.m; sourceTree = "<group>"; };
		43BC12B50E35B9E300431B28 /* GridLayer.h */ = {isa = PBXFileReference; fileEncoding = 4; lastKnownFileType = sourcecode.c.h; path = GridLayer.h; sourceTree = "<group>"; };
		43BC12B60E35B9E300431B28 /* GridLayer.m */ = {isa = PBXFileReference; fileEncoding = 4; lastKnownFileType = sourcecode.c.objc; path = GridLayer.m; sourceTree = "<group>"; };
		43BC144C0E35D34200431B28 /* all.h */ = {isa = PBXFileReference; fileEncoding = 4; lastKnownFileType = sourcecode.c.h; path = all.h; sourceTree = "<group>"; };
		43BC144D0E35D34200431B28 /* load.c */ = {isa = PBXFileReference; fileEncoding = 4; lastKnownFileType = sourcecode.c.c; path = load.c; sourceTree = "<group>"; };
		43BC144E0E35D34200431B28 /* util.c */ = {isa = PBXFileReference; fileEncoding = 4; lastKnownFileType = sourcecode.c.c; path = util.c; sourceTree = "<group>"; };
		43BC144F0E35D34200431B28 /* properties.c */ = {isa = PBXFileReference; fileEncoding = 4; lastKnownFileType = sourcecode.c.c; path = properties.c; sourceTree = "<group>"; };
		43BC14500E35D34200431B28 /* COPYING */ = {isa = PBXFileReference; fileEncoding = 4; lastKnownFileType = text; path = COPYING; sourceTree = "<group>"; };
		43BC14510E35D34200431B28 /* parse.c */ = {isa = PBXFileReference; fileEncoding = 4; lastKnownFileType = sourcecode.c.c; path = parse.c; sourceTree = "<group>"; };
		43BC14520E35D34200431B28 /* README */ = {isa = PBXFileReference; fileEncoding = 4; lastKnownFileType = text; path = README; sourceTree = "<group>"; };
		43BC14530E35D34200431B28 /* save.c */ = {isa = PBXFileReference; fileEncoding = 4; lastKnownFileType = sourcecode.c.c; path = save.c; sourceTree = "<group>"; };
		43BC14540E35D34200431B28 /* parse2.c */ = {isa = PBXFileReference; fileEncoding = 4; lastKnownFileType = sourcecode.c.c; path = parse2.c; sourceTree = "<group>"; };
		43BC14550E35D34200431B28 /* protos.h */ = {isa = PBXFileReference; fileEncoding = 4; lastKnownFileType = sourcecode.c.h; path = protos.h; sourceTree = "<group>"; };
		43BC14560E35D34200431B28 /* strict.c */ = {isa = PBXFileReference; fileEncoding = 4; lastKnownFileType = sourcecode.c.c; path = strict.c; sourceTree = "<group>"; };
		43BC14570E35D34200431B28 /* test.sgf */ = {isa = PBXFileReference; lastKnownFileType = file; path = test.sgf; sourceTree = "<group>"; };
		43BC14580E35D34200431B28 /* gameinfo.c */ = {isa = PBXFileReference; fileEncoding = 4; lastKnownFileType = sourcecode.c.c; path = gameinfo.c; sourceTree = "<group>"; };
		43BC145A0E35D34200431B28 /* execute.c */ = {isa = PBXFileReference; fileEncoding = 4; lastKnownFileType = sourcecode.c.c; path = execute.c; sourceTree = "<group>"; };
		43BC145B0E35D34200431B28 /* main.c */ = {isa = PBXFileReference; fileEncoding = 4; lastKnownFileType = sourcecode.c.c; path = main.c; sourceTree = "<group>"; };
		43BC15700E36609D00431B28 /* FlatTheme.h */ = {isa = PBXFileReference; fileEncoding = 4; lastKnownFileType = sourcecode.c.h; path = FlatTheme.h; sourceTree = "<group>"; };
		43BC15710E36609D00431B28 /* FlatTheme.m */ = {isa = PBXFileReference; fileEncoding = 4; lastKnownFileType = sourcecode.c.objc; path = FlatTheme.m; sourceTree = "<group>"; };
		43BC15C00E36647E00431B28 /* MarkerTheme.h */ = {isa = PBXFileReference; fileEncoding = 4; lastKnownFileType = sourcecode.c.h; path = MarkerTheme.h; sourceTree = "<group>"; };
		43BC15C10E36647E00431B28 /* MarkerTheme.m */ = {isa = PBXFileReference; fileEncoding = 4; lastKnownFileType = sourcecode.c.objc; path = MarkerTheme.m; sourceTree = "<group>"; };
		43BC16780E36F87700431B28 /* board512.png */ = {isa = PBXFileReference; lastKnownFileType = image.png; path = board512.png; sourceTree = "<group>"; };
		43BFB8D30E3403F600846875 /* TODO */ = {isa = PBXFileReference; fileEncoding = 4; lastKnownFileType = text; path = TODO; sourceTree = "<group>"; };
		43BFB9430E340A2000846875 /* uGoSettings.h */ = {isa = PBXFileReference; fileEncoding = 4; lastKnownFileType = sourcecode.c.h; path = uGoSettings.h; sourceTree = "<group>"; };
		43BFB9440E340A2000846875 /* uGoSettings.m */ = {isa = PBXFileReference; fileEncoding = 4; lastKnownFileType = sourcecode.c.objc; path = uGoSettings.m; sourceTree = "<group>"; };
		8D1107310486CEB800E47090 /* Info.plist */ = {isa = PBXFileReference; fileEncoding = 4; lastKnownFileType = text.plist.xml; path = Info.plist; sourceTree = "<group>"; };
		9431826C0E3BEC7D007069AE /* ShukoOriginalMove.sgf */ = {isa = PBXFileReference; fileEncoding = 4; lastKnownFileType = text; path = ShukoOriginalMove.sgf; sourceTree = "<group>"; };
		943186970E3D00D5007069AE /* FromSensei.sgf */ = {isa = PBXFileReference; fileEncoding = 4; lastKnownFileType = text; path = FromSensei.sgf; sourceTree = "<group>"; };
		943639010E4920AB00221457 /* GoAIPlayer.h */ = {isa = PBXFileReference; fileEncoding = 4; lastKnownFileType = sourcecode.c.h; path = GoAIPlayer.h; sourceTree = "<group>"; };
		943639020E4920AB00221457 /* GoAIPlayer.m */ = {isa = PBXFileReference; fileEncoding = 4; lastKnownFileType = sourcecode.c.objc; path = GoAIPlayer.m; sourceTree = "<group>"; };
		946A49380E30485900F5659E /* QuartzCore.framework */ = {isa = PBXFileReference; lastKnownFileType = wrapper.framework; name = QuartzCore.framework; path = System/Library/Frameworks/QuartzCore.framework; sourceTree = SDKROOT; };
		946A4A5D0E305D2A00F5659E /* CoreGraphics.framework */ = {isa = PBXFileReference; lastKnownFileType = wrapper.framework; name = CoreGraphics.framework; path = System/Library/Frameworks/CoreGraphics.framework; sourceTree = SDKROOT; };
		946A4A8F0E305EB400F5659E /* BoardView.h */ = {isa = PBXFileReference; fileEncoding = 4; lastKnownFileType = sourcecode.c.h; path = BoardView.h; sourceTree = "<group>"; };
		946A4A900E305EB400F5659E /* BoardView.m */ = {isa = PBXFileReference; fileEncoding = 4; lastKnownFileType = sourcecode.c.objc; path = BoardView.m; sourceTree = "<group>"; };
		946A4E3F0E30F17100F5659E /* board1024.png */ = {isa = PBXFileReference; lastKnownFileType = image.png; path = board1024.png; sourceTree = "<group>"; };
		9475F1580E3137990053C4BE /* grad.png */ = {isa = PBXFileReference; lastKnownFileType = image.png; path = grad.png; sourceTree = "<group>"; };
		948586540E3141280087D7CD /* gradient.png */ = {isa = PBXFileReference; lastKnownFileType = image.png; path = gradient.png; sourceTree = "<group>"; };
		94AFF17F0E47610B006CC281 /* GoUtil.m */ = {isa = PBXFileReference; fileEncoding = 4; lastKnownFileType = sourcecode.c.objc; path = GoUtil.m; sourceTree = SOURCE_ROOT; };
		94AFF1800E47610B006CC281 /* GoUtil.h */ = {isa = PBXFileReference; fileEncoding = 4; lastKnownFileType = sourcecode.c.h; path = GoUtil.h; sourceTree = SOURCE_ROOT; };
		94B1E4B00E3A8A2900A4A133 /* ParserBridge.h */ = {isa = PBXFileReference; fileEncoding = 4; lastKnownFileType = sourcecode.c.h; path = ParserBridge.h; sourceTree = "<group>"; };
		94B1E4B10E3A8A2900A4A133 /* ParserBridge.m */ = {isa = PBXFileReference; fileEncoding = 4; lastKnownFileType = sourcecode.c.objc; path = ParserBridge.m; sourceTree = "<group>"; };
		94B1E4C40E3A8D8000A4A133 /* test2.sgf */ = {isa = PBXFileReference; fileEncoding = 4; lastKnownFileType = text; path = test2.sgf; sourceTree = "<group>"; };
		94B67DE30E441D6700A58855 /* SmallTest.sgf */ = {isa = PBXFileReference; fileEncoding = 4; lastKnownFileType = text; path = SmallTest.sgf; sourceTree = "<group>"; };
		94B67E350E442A3300A58855 /* SmallTest2.sgf */ = {isa = PBXFileReference; fileEncoding = 4; lastKnownFileType = text; path = SmallTest2.sgf; sourceTree = "<group>"; };
		94B67E440E442C6500A58855 /* SmallTest3.sgf */ = {isa = PBXFileReference; fileEncoding = 4; lastKnownFileType = text; path = SmallTest3.sgf; sourceTree = "<group>"; };
		94B67EAA0E44F68300A58855 /* GoMove.h */ = {isa = PBXFileReference; fileEncoding = 4; lastKnownFileType = sourcecode.c.h; path = GoMove.h; sourceTree = "<group>"; };
		94B67EAB0E44F68300A58855 /* GoMove.m */ = {isa = PBXFileReference; fileEncoding = 4; lastKnownFileType = sourcecode.c.objc; path = GoMove.m; sourceTree = "<group>"; };
		94C4B97E0E36899B00739E57 /* GobanStonesTheme.h */ = {isa = PBXFileReference; fileEncoding = 4; lastKnownFileType = sourcecode.c.h; path = GobanStonesTheme.h; sourceTree = "<group>"; };
		94C4B97F0E36899B00739E57 /* GobanStonesTheme.m */ = {isa = PBXFileReference; fileEncoding = 4; lastKnownFileType = sourcecode.c.objc; path = GobanStonesTheme.m; sourceTree = "<group>"; };
		94C4B9A60E368BC300739E57 /* WhiteStone130-0.png */ = {isa = PBXFileReference; lastKnownFileType = image.png; path = "WhiteStone130-0.png"; sourceTree = "<group>"; };
		94C4B9A70E368BC300739E57 /* WhiteStone130-1.png */ = {isa = PBXFileReference; lastKnownFileType = image.png; path = "WhiteStone130-1.png"; sourceTree = "<group>"; };
		94C4B9A80E368BC300739E57 /* WhiteStone130-10.png */ = {isa = PBXFileReference; lastKnownFileType = image.png; path = "WhiteStone130-10.png"; sourceTree = "<group>"; };
		94C4B9A90E368BC300739E57 /* WhiteStone130-11.png */ = {isa = PBXFileReference; lastKnownFileType = image.png; path = "WhiteStone130-11.png"; sourceTree = "<group>"; };
		94C4B9AA0E368BC300739E57 /* WhiteStone130-2.png */ = {isa = PBXFileReference; lastKnownFileType = image.png; path = "WhiteStone130-2.png"; sourceTree = "<group>"; };
		94C4B9AB0E368BC300739E57 /* WhiteStone130-3.png */ = {isa = PBXFileReference; lastKnownFileType = image.png; path = "WhiteStone130-3.png"; sourceTree = "<group>"; };
		94C4B9AC0E368BC300739E57 /* WhiteStone130-4.png */ = {isa = PBXFileReference; lastKnownFileType = image.png; path = "WhiteStone130-4.png"; sourceTree = "<group>"; };
		94C4B9AD0E368BC300739E57 /* WhiteStone130-5.png */ = {isa = PBXFileReference; lastKnownFileType = image.png; path = "WhiteStone130-5.png"; sourceTree = "<group>"; };
		94C4B9AE0E368BC300739E57 /* WhiteStone130-6.png */ = {isa = PBXFileReference; lastKnownFileType = image.png; path = "WhiteStone130-6.png"; sourceTree = "<group>"; };
		94C4B9AF0E368BC300739E57 /* WhiteStone130-7.png */ = {isa = PBXFileReference; lastKnownFileType = image.png; path = "WhiteStone130-7.png"; sourceTree = "<group>"; };
		94C4B9B00E368BC300739E57 /* WhiteStone130-8.png */ = {isa = PBXFileReference; lastKnownFileType = image.png; path = "WhiteStone130-8.png"; sourceTree = "<group>"; };
		94C4B9B10E368BC300739E57 /* WhiteStone130-9.png */ = {isa = PBXFileReference; lastKnownFileType = image.png; path = "WhiteStone130-9.png"; sourceTree = "<group>"; };
		94C4B9C20E368D4600739E57 /* BlackStone130-0.png */ = {isa = PBXFileReference; lastKnownFileType = image.png; path = "BlackStone130-0.png"; sourceTree = "<group>"; };
		94C4D4CF0E2AE164007A76B5 /* goboard.png */ = {isa = PBXFileReference; lastKnownFileType = image.png; path = goboard.png; sourceTree = "<group>"; };
		94FD82B60E31827A000611DC /* goicon.png */ = {isa = PBXFileReference; lastKnownFileType = image.png; path = goicon.png; sourceTree = "<group>"; };
/* End PBXFileReference section */

/* Begin PBXFrameworksBuildPhase section */
		1D60588F0D05DD3D006BFB54 /* Frameworks */ = {
			isa = PBXFrameworksBuildPhase;
			buildActionMask = 2147483647;
			files = (
				1D60589F0D05DD5A006BFB54 /* Foundation.framework in Frameworks */,
				1DF5F4E00D08C38300B7A737 /* UIKit.framework in Frameworks */,
				946A49390E30485900F5659E /* QuartzCore.framework in Frameworks */,
				946A4A5E0E305D2A00F5659E /* CoreGraphics.framework in Frameworks */,
			);
			runOnlyForDeploymentPostprocessing = 0;
		};
/* End PBXFrameworksBuildPhase section */

/* Begin PBXGroup section */
		19C28FACFE9D520D11CA2CBB /* Products */ = {
			isa = PBXGroup;
			children = (
				1D6058910D05DD3D006BFB54 /* uGo.app */,
			);
			name = Products;
			sourceTree = "<group>";
		};
		289233A00DB2D0730083E9F9 /* Views */ = {
			isa = PBXGroup;
			children = (
				43BFB8FF0E34075600846875 /* Settings */,
				43BFB8FE0E34074F00846875 /* Board */,
				289233AA0DB2D0DB0083E9F9 /* RootViewController.h */,
				289233AB0DB2D0DB0083E9F9 /* RootViewController.m */,
				289233A80DB2D0DB0083E9F9 /* MainViewController.h */,
				289233A90DB2D0DB0083E9F9 /* MainViewController.m */,
			);
			path = Views;
			sourceTree = "<group>";
		};
		29B97314FDCFA39411CA2CEA /* CustomTemplate */ = {
			isa = PBXGroup;
			children = (
				43437F080E3AF822004C60B8 /* Common */,
				289233A00DB2D0730083E9F9 /* Views */,
				43BFB9310E3409C900846875 /* GameModel */,
				43BC144B0E35CFC700431B28 /* Parser */,
				29B97315FDCFA39411CA2CEA /* Other */,
				29B97317FDCFA39411CA2CEA /* Resources */,
				29B97323FDCFA39411CA2CEA /* Frameworks */,
				19C28FACFE9D520D11CA2CBB /* Products */,
				43BFB8D30E3403F600846875 /* TODO */,
			);
			name = CustomTemplate;
			sourceTree = "<group>";
		};
		29B97315FDCFA39411CA2CEA /* Other */ = {
			isa = PBXGroup;
			children = (
				94AFF1800E47610B006CC281 /* GoUtil.h */,
				94AFF17F0E47610B006CC281 /* GoUtil.m */,
				43AEB68F0E499DED0022E5A1 /* GoTypes.h */,
				32CA4F630368D1EE00C91783 /* uGo_Prefix.pch */,
				1D3623240D0F684500981E51 /* uGoAppDelegate.h */,
				1D3623250D0F684500981E51 /* uGoAppDelegate.m */,
				29B97316FDCFA39411CA2CEA /* main.m */,
			);
			path = Other;
			sourceTree = "<group>";
		};
		29B97317FDCFA39411CA2CEA /* Resources */ = {
			isa = PBXGroup;
			children = (
				4355750A0E3A495A00F1D159 /* Images */,
				9431826C0E3BEC7D007069AE /* ShukoOriginalMove.sgf */,
				94B67E440E442C6500A58855 /* SmallTest3.sgf */,
				94B67E350E442A3300A58855 /* SmallTest2.sgf */,
				94B67DE30E441D6700A58855 /* SmallTest.sgf */,
				94B1E4C40E3A8D8000A4A133 /* test2.sgf */,
				943186970E3D00D5007069AE /* FromSensei.sgf */,
				280E754A0DD40C5E005A515E /* FlipsideView.xib */,
				280E754B0DD40C5E005A515E /* MainView.xib */,
				280E754C0DD40C5E005A515E /* MainWindow.xib */,
				4355750C0E3A498600F1D159 /* GameSettings.xib */,
				4355750E0E3A499100F1D159 /* BoardSettings.xib */,
				435575100E3A499B00F1D159 /* AboutSettings.xib */,
				8D1107310486CEB800E47090 /* Info.plist */,
				435578200E3A79E600F1D159 /* legal.html */,
			);
			path = Resources;
			sourceTree = "<group>";
		};
		29B97323FDCFA39411CA2CEA /* Frameworks */ = {
			isa = PBXGroup;
			children = (
				946A4A5D0E305D2A00F5659E /* CoreGraphics.framework */,
				946A49380E30485900F5659E /* QuartzCore.framework */,
				1D30AB110D05D00D00671497 /* Foundation.framework */,
				1DF5F4DF0D08C38300B7A737 /* UIKit.framework */,
			);
			name = Frameworks;
			sourceTree = "<group>";
		};
		43437F080E3AF822004C60B8 /* Common */ = {
			isa = PBXGroup;
			children = (
				43BFB9430E340A2000846875 /* uGoSettings.h */,
				43BFB9440E340A2000846875 /* uGoSettings.m */,
			);
			path = Common;
			sourceTree = "<group>";
		};
		4355750A0E3A495A00F1D159 /* Images */ = {
			isa = PBXGroup;
			children = (
				94C4B9850E368B2500739E57 /* GobanStones */,
				94FD82B60E31827A000611DC /* goicon.png */,
				948586540E3141280087D7CD /* gradient.png */,
				9475F1580E3137990053C4BE /* grad.png */,
				946A4E3F0E30F17100F5659E /* board1024.png */,
				43BC16780E36F87700431B28 /* board512.png */,
				94C4D4CF0E2AE164007A76B5 /* goboard.png */,
			);
			name = Images;
			sourceTree = "<group>";
		};
		43AEB5E50E4980A60022E5A1 /* Players */ = {
			isa = PBXGroup;
			children = (
				43437EF80E3AF688004C60B8 /* GoPlayer.h */,
				43437EF90E3AF688004C60B8 /* GoPlayer.m */,
				43437EFB0E3AF69A004C60B8 /* GoLocalPlayer.h */,
				43437EFC0E3AF69A004C60B8 /* GoLocalPlayer.m */,
				943639010E4920AB00221457 /* GoAIPlayer.h */,
				943639020E4920AB00221457 /* GoAIPlayer.m */,
			);
			name = Players;
			sourceTree = "<group>";
		};
		43BC144B0E35CFC700431B28 /* Parser */ = {
			isa = PBXGroup;
			children = (
				43BC144C0E35D34200431B28 /* all.h */,
				43BC144D0E35D34200431B28 /* load.c */,
				43BC144E0E35D34200431B28 /* util.c */,
				43BC144F0E35D34200431B28 /* properties.c */,
				43BC14500E35D34200431B28 /* COPYING */,
				43BC14510E35D34200431B28 /* parse.c */,
				43BC14520E35D34200431B28 /* README */,
				43BC14530E35D34200431B28 /* save.c */,
				43BC14540E35D34200431B28 /* parse2.c */,
				43BC14550E35D34200431B28 /* protos.h */,
				43BC14560E35D34200431B28 /* strict.c */,
				43BC14570E35D34200431B28 /* test.sgf */,
				43BC14580E35D34200431B28 /* gameinfo.c */,
				43BC145A0E35D34200431B28 /* execute.c */,
				43BC145B0E35D34200431B28 /* main.c */,
			);
			path = Parser;
			sourceTree = "<group>";
		};
		43BC15A20E36621C00431B28 /* Marker Themes */ = {
			isa = PBXGroup;
			children = (
				43BC15C00E36647E00431B28 /* MarkerTheme.h */,
				43BC15C10E36647E00431B28 /* MarkerTheme.m */,
				43BC15700E36609D00431B28 /* FlatTheme.h */,
				43BC15710E36609D00431B28 /* FlatTheme.m */,
				94C4B97E0E36899B00739E57 /* GobanStonesTheme.h */,
				94C4B97F0E36899B00739E57 /* GobanStonesTheme.m */,
			);
			name = "Marker Themes";
			sourceTree = "<group>";
		};
		43BFB8FE0E34074F00846875 /* Board */ = {
			isa = PBXGroup;
			children = (
				43BC15A20E36621C00431B28 /* Marker Themes */,
				946A4A8F0E305EB400F5659E /* BoardView.h */,
				946A4A900E305EB400F5659E /* BoardView.m */,
				43B3F26E0E3592A500D4B02B /* MarkerLayer.h */,
				43B3F26F0E3592A500D4B02B /* MarkerLayer.m */,
				43BC12B50E35B9E300431B28 /* GridLayer.h */,
				43BC12B60E35B9E300431B28 /* GridLayer.m */,
			);
			name = Board;
			sourceTree = "<group>";
		};
		43BFB8FF0E34075600846875 /* Settings */ = {
			isa = PBXGroup;
			children = (
				289233AC0DB2D0DB0083E9F9 /* FlipsideViewController.h */,
				289233AD0DB2D0DB0083E9F9 /* FlipsideViewController.m */,
				435575300E3A4E1500F1D159 /* GameSettingsViewController.h */,
				435575310E3A4E1500F1D159 /* GameSettingsViewController.m */,
				435575330E3A4E1E00F1D159 /* BoardSettingsViewController.h */,
				435575340E3A4E1E00F1D159 /* BoardSettingsViewController.m */,
				435578070E3A793000F1D159 /* AboutSettingsViewController.h */,
				435578080E3A793000F1D159 /* AboutSettingsViewController.m */,
			);
			name = Settings;
			sourceTree = "<group>";
		};
		43BFB9310E3409C900846875 /* GameModel */ = {
			isa = PBXGroup;
			children = (
				43AEB5E50E4980A60022E5A1 /* Players */,
				43AEB5A90E4976210022E5A1 /* GoGameController.h */,
				43AEB5AA0E4976210022E5A1 /* GoGameController.m */,
				43437EF40E3AF677004C60B8 /* GoReferee.h */,
				43437EF50E3AF677004C60B8 /* GoReferee.m */,
				43437F000E3AF6CB004C60B8 /* GoBoard.h */,
				43437F010E3AF6CB004C60B8 /* GoBoard.m */,
				94B1E4B00E3A8A2900A4A133 /* ParserBridge.h */,
				94B1E4B10E3A8A2900A4A133 /* ParserBridge.m */,
				94B67EAA0E44F68300A58855 /* GoMove.h */,
				94B67EAB0E44F68300A58855 /* GoMove.m */,
				43AEB5B30E497A580022E5A1 /* GoMarker.h */,
				43AEB5B40E497A580022E5A1 /* GoMarker.m */,
			);
			path = GameModel;
			sourceTree = "<group>";
		};
		94C4B9850E368B2500739E57 /* GobanStones */ = {
			isa = PBXGroup;
			children = (
				94C4B9A50E368BC300739E57 /* White */,
				94C4B9B20E368BC300739E57 /* Black */,
			);
			name = GobanStones;
			sourceTree = "<group>";
		};
		94C4B9A50E368BC300739E57 /* White */ = {
			isa = PBXGroup;
			children = (
				94C4B9A60E368BC300739E57 /* WhiteStone130-0.png */,
				94C4B9A70E368BC300739E57 /* WhiteStone130-1.png */,
				94C4B9A80E368BC300739E57 /* WhiteStone130-10.png */,
				94C4B9A90E368BC300739E57 /* WhiteStone130-11.png */,
				94C4B9AA0E368BC300739E57 /* WhiteStone130-2.png */,
				94C4B9AB0E368BC300739E57 /* WhiteStone130-3.png */,
				94C4B9AC0E368BC300739E57 /* WhiteStone130-4.png */,
				94C4B9AD0E368BC300739E57 /* WhiteStone130-5.png */,
				94C4B9AE0E368BC300739E57 /* WhiteStone130-6.png */,
				94C4B9AF0E368BC300739E57 /* WhiteStone130-7.png */,
				94C4B9B00E368BC300739E57 /* WhiteStone130-8.png */,
				94C4B9B10E368BC300739E57 /* WhiteStone130-9.png */,
			);
			name = White;
			path = GobanStones/White;
			sourceTree = "<group>";
		};
		94C4B9B20E368BC300739E57 /* Black */ = {
			isa = PBXGroup;
			children = (
				94C4B9C20E368D4600739E57 /* BlackStone130-0.png */,
			);
			name = Black;
			path = GobanStones/Black;
			sourceTree = "<group>";
		};
/* End PBXGroup section */

/* Begin PBXNativeTarget section */
		1D6058900D05DD3D006BFB54 /* uGo */ = {
			isa = PBXNativeTarget;
			buildConfigurationList = 1D6058960D05DD3E006BFB54 /* Build configuration list for PBXNativeTarget "uGo" */;
			buildPhases = (
				1D60588D0D05DD3D006BFB54 /* Resources */,
				1D60588E0D05DD3D006BFB54 /* Sources */,
				1D60588F0D05DD3D006BFB54 /* Frameworks */,
			);
			buildRules = (
			);
			dependencies = (
			);
			name = uGo;
			productName = uGo;
			productReference = 1D6058910D05DD3D006BFB54 /* uGo.app */;
			productType = "com.apple.product-type.application";
		};
/* End PBXNativeTarget section */

/* Begin PBXProject section */
		29B97313FDCFA39411CA2CEA /* Project object */ = {
			isa = PBXProject;
			buildConfigurationList = C01FCF4E08A954540054247B /* Build configuration list for PBXProject "uGo" */;
			compatibilityVersion = "Xcode 3.1";
			hasScannedForEncodings = 1;
			knownRegions = (
				English,
				Japanese,
				French,
				German,
				en,
			);
			mainGroup = 29B97314FDCFA39411CA2CEA /* CustomTemplate */;
			projectDirPath = "";
			projectRoot = "";
			targets = (
				1D6058900D05DD3D006BFB54 /* uGo */,
			);
		};
/* End PBXProject section */

/* Begin PBXResourcesBuildPhase section */
		1D60588D0D05DD3D006BFB54 /* Resources */ = {
			isa = PBXResourcesBuildPhase;
			buildActionMask = 2147483647;
			files = (
				43437EF20E3AF66A004C60B8 /* test.sgf in Resources */,
				280E754D0DD40C5E005A515E /* FlipsideView.xib in Resources */,
				280E754E0DD40C5E005A515E /* MainView.xib in Resources */,
				280E754F0DD40C5E005A515E /* MainWindow.xib in Resources */,
				94C4D4D00E2AE164007A76B5 /* goboard.png in Resources */,
				946A4E400E30F17100F5659E /* board1024.png in Resources */,
				9475F1590E3137990053C4BE /* grad.png in Resources */,
				948586550E3141280087D7CD /* gradient.png in Resources */,
				94FD82B70E31827A000611DC /* goicon.png in Resources */,
				94C4B9B40E368BC300739E57 /* WhiteStone130-0.png in Resources */,
				94C4B9B50E368BC300739E57 /* WhiteStone130-1.png in Resources */,
				94C4B9B60E368BC300739E57 /* WhiteStone130-10.png in Resources */,
				94C4B9B70E368BC300739E57 /* WhiteStone130-11.png in Resources */,
				94C4B9B80E368BC300739E57 /* WhiteStone130-2.png in Resources */,
				94C4B9B90E368BC300739E57 /* WhiteStone130-3.png in Resources */,
				94C4B9BA0E368BC300739E57 /* WhiteStone130-4.png in Resources */,
				94C4B9BB0E368BC300739E57 /* WhiteStone130-5.png in Resources */,
				94C4B9BC0E368BC300739E57 /* WhiteStone130-6.png in Resources */,
				94C4B9BD0E368BC300739E57 /* WhiteStone130-7.png in Resources */,
				94C4B9BE0E368BC300739E57 /* WhiteStone130-8.png in Resources */,
				94C4B9BF0E368BC300739E57 /* WhiteStone130-9.png in Resources */,
				94C4B9C30E368D4600739E57 /* BlackStone130-0.png in Resources */,
				43BC16790E36F87700431B28 /* board512.png in Resources */,
				4355750D0E3A498600F1D159 /* GameSettings.xib in Resources */,
				4355750F0E3A499100F1D159 /* BoardSettings.xib in Resources */,
				435575110E3A499B00F1D159 /* AboutSettings.xib in Resources */,
				435578210E3A79E600F1D159 /* legal.html in Resources */,
				94B1E4C50E3A8D8000A4A133 /* test2.sgf in Resources */,
				9431826D0E3BEC7D007069AE /* ShukoOriginalMove.sgf in Resources */,
				943186980E3D00D5007069AE /* FromSensei.sgf in Resources */,
				94B67DE40E441D6700A58855 /* SmallTest.sgf in Resources */,
				94B67E360E442A3300A58855 /* SmallTest2.sgf in Resources */,
				94B67E450E442C6500A58855 /* SmallTest3.sgf in Resources */,
			);
			runOnlyForDeploymentPostprocessing = 0;
		};
/* End PBXResourcesBuildPhase section */

/* Begin PBXSourcesBuildPhase section */
		1D60588E0D05DD3D006BFB54 /* Sources */ = {
			isa = PBXSourcesBuildPhase;
			buildActionMask = 2147483647;
			files = (
				1D60589B0D05DD56006BFB54 /* main.m in Sources */,
				1D3623260D0F684500981E51 /* uGoAppDelegate.m in Sources */,
				289233AE0DB2D0DB0083E9F9 /* MainViewController.m in Sources */,
				289233AF0DB2D0DB0083E9F9 /* RootViewController.m in Sources */,
				289233B00DB2D0DB0083E9F9 /* FlipsideViewController.m in Sources */,
				946A4A910E305EB400F5659E /* BoardView.m in Sources */,
				43BFB9450E340A2000846875 /* uGoSettings.m in Sources */,
				43B3F2700E3592A500D4B02B /* MarkerLayer.m in Sources */,
				43BC12B70E35B9E300431B28 /* GridLayer.m in Sources */,
				43BC15720E36609D00431B28 /* FlatTheme.m in Sources */,
				43BC15C20E36647E00431B28 /* MarkerTheme.m in Sources */,
				94C4B9800E36899B00739E57 /* GobanStonesTheme.m in Sources */,
				435575320E3A4E1500F1D159 /* GameSettingsViewController.m in Sources */,
				435575350E3A4E1E00F1D159 /* BoardSettingsViewController.m in Sources */,
				435578090E3A793000F1D159 /* AboutSettingsViewController.m in Sources */,
				94B1E4940E3A893E00A4A133 /* util.c in Sources */,
				94B1E4950E3A893F00A4A133 /* load.c in Sources */,
				94B1E4960E3A893F00A4A133 /* properties.c in Sources */,
				94B1E4970E3A894000A4A133 /* parse.c in Sources */,
				94B1E4980E3A894100A4A133 /* save.c in Sources */,
				94B1E4990E3A894200A4A133 /* parse2.c in Sources */,
				94B1E49A0E3A894300A4A133 /* strict.c in Sources */,
				94B1E49B0E3A894400A4A133 /* gameinfo.c in Sources */,
				94B1E49C0E3A894400A4A133 /* execute.c in Sources */,
				94B1E49D0E3A894500A4A133 /* main.c in Sources */,
				43437EF60E3AF677004C60B8 /* GoReferee.m in Sources */,
				43437EFA0E3AF688004C60B8 /* GoPlayer.m in Sources */,
				43437EFD0E3AF69A004C60B8 /* GoLocalPlayer.m in Sources */,
				43437F020E3AF6CB004C60B8 /* GoBoard.m in Sources */,
				94B1E4B20E3A8A2900A4A133 /* ParserBridge.m in Sources */,
				94B67EAC0E44F68300A58855 /* GoMove.m in Sources */,
				94AFF1810E47610B006CC281 /* GoUtil.m in Sources */,
				943639030E4920AB00221457 /* GoAIPlayer.m in Sources */,
				43AEB5AB0E4976210022E5A1 /* GoGameController.m in Sources */,
				43AEB5B50E497A580022E5A1 /* GoMarker.m in Sources */,
			);
			runOnlyForDeploymentPostprocessing = 0;
		};
/* End PBXSourcesBuildPhase section */

/* Begin XCBuildConfiguration section */
		1D6058940D05DD3E006BFB54 /* Debug */ = {
			isa = XCBuildConfiguration;
			buildSettings = {
				ALWAYS_SEARCH_USER_PATHS = NO;
				COPY_PHASE_STRIP = NO;
				FRAMEWORK_SEARCH_PATHS = (
					"$(inherited)",
					"\"$(SRCROOT)\"",
				);
				GCC_DYNAMIC_NO_PIC = NO;
				GCC_OPTIMIZATION_LEVEL = 0;
				GCC_PRECOMPILE_PREFIX_HEADER = YES;
				GCC_PREFIX_HEADER = Other/uGo_Prefix.pch;
				INFOPLIST_FILE = Resources/Info.plist;
				PRODUCT_NAME = uGo;
			};
			name = Debug;
		};
		1D6058950D05DD3E006BFB54 /* Release */ = {
			isa = XCBuildConfiguration;
			buildSettings = {
				ALWAYS_SEARCH_USER_PATHS = NO;
				COPY_PHASE_STRIP = YES;
				FRAMEWORK_SEARCH_PATHS = (
					"$(inherited)",
					"\"$(SRCROOT)\"",
				);
				GCC_PRECOMPILE_PREFIX_HEADER = YES;
				GCC_PREFIX_HEADER = Other/uGo_Prefix.pch;
				INFOPLIST_FILE = Resources/Info.plist;
				PRODUCT_NAME = uGo;
			};
			name = Release;
		};
		C01FCF4F08A954540054247B /* Debug */ = {
			isa = XCBuildConfiguration;
			buildSettings = {
				ARCHS = "$(ARCHS_STANDARD_32_BIT)";
				"CODE_SIGN_IDENTITY[sdk=iphoneos*]" = "iPhone Developer";
				GCC_C_LANGUAGE_STANDARD = c99;
				GCC_WARN_ABOUT_RETURN_TYPE = YES;
				GCC_WARN_UNUSED_VARIABLE = YES;
				ONLY_ACTIVE_ARCH = YES;
				PREBINDING = NO;
				SDKROOT = iphoneos2.0;
			};
			name = Debug;
		};
		C01FCF5008A954540054247B /* Release */ = {
			isa = XCBuildConfiguration;
			buildSettings = {
				ARCHS = "$(ARCHS_STANDARD_32_BIT)";
				"CODE_SIGN_IDENTITY[sdk=iphoneos*]" = "iPhone Developer";
				GCC_C_LANGUAGE_STANDARD = c99;
				GCC_WARN_ABOUT_RETURN_TYPE = YES;
				GCC_WARN_UNUSED_VARIABLE = YES;
				PREBINDING = NO;
				SDKROOT = iphoneos2.0;
			};
			name = Release;
		};
/* End XCBuildConfiguration section */

/* Begin XCConfigurationList section */
		1D6058960D05DD3E006BFB54 /* Build configuration list for PBXNativeTarget "uGo" */ = {
			isa = XCConfigurationList;
			buildConfigurations = (
				1D6058940D05DD3E006BFB54 /* Debug */,
				1D6058950D05DD3E006BFB54 /* Release */,
			);
			defaultConfigurationIsVisible = 0;
			defaultConfigurationName = Release;
		};
		C01FCF4E08A954540054247B /* Build configuration list for PBXProject "uGo" */ = {
			isa = XCConfigurationList;
			buildConfigurations = (
				C01FCF4F08A954540054247B /* Debug */,
				C01FCF5008A954540054247B /* Release */,
			);
			defaultConfigurationIsVisible = 0;
			defaultConfigurationName = Release;
		};
/* End XCConfigurationList section */
	};
	rootObject = 29B97313FDCFA39411CA2CEA /* Project object */;
}
